
Microsoft Visual Studio Solution File, Format Version 12.00
# Visual Studio Version 16
VisualStudioVersion = 16.0.29215.179
MinimumVisualStudioVersion = 10.0.40219.1
Project("{FAE04EC0-301F-11D3-BF4B-00C04F79EFBC}") = "lab1", "lab1\lab1.csproj", "{08E866A3-A3ED-4764-A5C7-C486542F6377}"
EndProject
Global
	GlobalSection(SolutionConfigurationPlatforms) = preSolution
		Debug|Any CPU = Debug|Any CPU
		Release|Any CPU = Release|Any CPU
	EndGlobalSection
	GlobalSection(ProjectConfigurationPlatforms) = postSolution
		{08E866A3-A3ED-4764-A5C7-C486542F6377}.Debug|Any CPU.ActiveCfg = Debug|Any CPU
		{08E866A3-A3ED-4764-A5C7-C486542F6377}.Debug|Any CPU.Build.0 = Debug|Any CPU
		{08E866A3-A3ED-4764-A5C7-C486542F6377}.Release|Any CPU.ActiveCfg = Release|Any CPU
		{08E866A3-A3ED-4764-A5C7-C486542F6377}.Release|Any CPU.Build.0 = Release|Any CPU
	EndGlobalSection
	GlobalSection(SolutionProperties) = preSolution
		HideSolutionNode = FALSE
	EndGlobalSection
	GlobalSection(ExtensibilityGlobals) = postSolution
		SolutionGuid = {1383E2B3-364B-47A1-8224-4BA8231ED741}
	EndGlobalSection
EndGlobal
